<?xml version="1.0" encoding="utf-8"?>
<Project ToolsVersion="4.0" xmlns="http://schemas.microsoft.com/developer/msbuild/2003">
  <ItemGroup>
    <Filter Include="PCH">
      <UniqueIdentifier>{2010880B-8C19-887C-1595-9E7C819D937C}</UniqueIdentifier>
    </Filter>
    <Filter Include="SkelGame">
      <UniqueIdentifier>{8EAB0635-7A78-6140-A391-4FE88FBD96CE}</UniqueIdentifier>
    </Filter>
    <Filter Include="SkelGame\Client">
      <UniqueIdentifier>{DCCF145E-485B-8222-516C-0517BD76DE22}</UniqueIdentifier>
    </Filter>
    <Filter Include="SkelGame\Events">
      <UniqueIdentifier>{B20B7263-1E97-DF27-27A8-621C93B23B28}</UniqueIdentifier>
    </Filter>
    <Filter Include="SkelGame\Objects">
      <UniqueIdentifier>{47F827A5-33F1-46F7-5C23-2C7C487B2603}</UniqueIdentifier>
    </Filter>
    <Filter Include="SkelGame\Objects\Box">
      <UniqueIdentifier>{1FB1836D-0B40-0D37-B45E-2132A0CC1DDD}</UniqueIdentifier>
    </Filter>
    <Filter Include="SkelGame\Objects\Player">
      <UniqueIdentifier>{83732AA4-EFAA-723B-F8B4-D65E646B9934}</UniqueIdentifier>
    </Filter>
    <Filter Include="SkelGame\Packets">
      <UniqueIdentifier>{A8B351EF-94AC-7041-BDDE-55C6A936504D}</UniqueIdentifier>
    </Filter>
    <Filter Include="SkelGame\Resources">
      <UniqueIdentifier>{781AA67E-64FE-66D4-CD5E-6127B9615156}</UniqueIdentifier>
    </Filter>
    <Filter Include="SkelGame\Server">
      <UniqueIdentifier>{F4E4ED82-6070-5B47-6981-DE3BD58BB747}</UniqueIdentifier>
    </Filter>
    <Filter Include="Utility">
      <UniqueIdentifier>{594615A9-C525-9444-CE3D-1F1B3A9CFAA5}</UniqueIdentifier>
    </Filter>
    <Filter Include="Utility\Audio">
      <UniqueIdentifier>{1A73ED06-8633-693D-4F6E-B2BABBEDAD19}</UniqueIdentifier>
    </Filter>
    <Filter Include="Utility\Camera">
      <UniqueIdentifier>{B11CE1E7-9DEA-D4ED-867E-451472EBB052}</UniqueIdentifier>
    </Filter>
    <Filter Include="Utility\Containers">
      <UniqueIdentifier>{3EBF729E-2AA3-33F4-9303-2E477F061E76}</UniqueIdentifier>
    </Filter>
    <Filter Include="Utility\EventSystem">
      <UniqueIdentifier>{8FD9F275-FB3A-D083-84A8-1636F0080743}</UniqueIdentifier>
    </Filter>
    <Filter Include="Utility\EventSystem\Events">
      <UniqueIdentifier>{934E60A3-7F5E-0C74-E817-7192D446FB0C}</UniqueIdentifier>
    </Filter>
    <Filter Include="Utility\Game">
      <UniqueIdentifier>{A23F67BA-8EA2-F65E-3728-2F15236AC2E1}</UniqueIdentifier>
    </Filter>
    <Filter Include="Utility\Game\Screens">
      <UniqueIdentifier>{C44764CC-B0D6-ED95-59F5-01914563FE3B}</UniqueIdentifier>
    </Filter>
    <Filter Include="Utility\Game\States">
      <UniqueIdentifier>{25AF8AC1-9110-68CF-1A7E-AE8186DE9E8E}</UniqueIdentifier>
    </Filter>
    <Filter Include="Utility\GameObject">
      <UniqueIdentifier>{39B765B6-259B-260C-8EFB-205F7AFE108E}</UniqueIdentifier>
    </Filter>
    <Filter Include="Utility\Graphics">
      <UniqueIdentifier>{B9420417-A53B-2369-CE6D-08EEBAC50275}</UniqueIdentifier>
    </Filter>
    <Filter Include="Utility\Graphics\Model">
      <UniqueIdentifier>{B912D6E1-A50C-FF33-8E79-95447A1265A0}</UniqueIdentifier>
    </Filter>
    <Filter Include="Utility\Graphics\OpenGL">
      <UniqueIdentifier>{CD815521-39B9-9DB8-42C3-01DCAE79C4B1}</UniqueIdentifier>
    </Filter>
    <Filter Include="Utility\Graphics\Sprite">
      <UniqueIdentifier>{DF35B12A-4B6D-F9C1-5477-5DE5C02D20BB}</UniqueIdentifier>
    </Filter>
    <Filter Include="Utility\Graphics\Text">
      <UniqueIdentifier>{6D2B0AC1-D997-C5BB-A28B-5D190EB7E723}</UniqueIdentifier>
    </Filter>
    <Filter Include="Utility\Input">
      <UniqueIdentifier>{18957A07-8455-F63D-4D90-3FBBB90F3B1A}</UniqueIdentifier>
    </Filter>
    <Filter Include="Utility\Logger">
      <UniqueIdentifier>{089ED9FD-F46B-CD03-DDFF-3D2AC96CA968}</UniqueIdentifier>
    </Filter>
    <Filter Include="Utility\Net">
      <UniqueIdentifier>{EFE9AD24-5B9F-261A-E493-20F150481D1E}</UniqueIdentifier>
    </Filter>
    <Filter Include="Utility\Profiler">
      <UniqueIdentifier>{CB9B4885-B794-67D7-E0C6-4C5CCC1E47E3}</UniqueIdentifier>
    </Filter>
    <Filter Include="Utility\Resources">
      <UniqueIdentifier>{03EFC061-6F05-BFF7-B87C-4A1924D28F7F}</UniqueIdentifier>
    </Filter>
    <Filter Include="Utility\StateMachine">
      <UniqueIdentifier>{DE5DC7A2-CAEC-506C-730B-65675F796112}</UniqueIdentifier>
    </Filter>
    <Filter Include="Utility\Transform">
      <UniqueIdentifier>{64A1F9DD-D0B7-F773-192F-83958584C8FB}</UniqueIdentifier>
    </Filter>
    <Filter Include="Utility\UI">
      <UniqueIdentifier>{E62689B3-D2DE-CA00-3BE6-A35C27BD65F1}</UniqueIdentifier>
    </Filter>
    <Filter Include="Utility\Window">
      <UniqueIdentifier>{20951917-0C63-0D1D-F5F6-7D43E163E981}</UniqueIdentifier>
    </Filter>
    <Filter Include="Vendor">
      <UniqueIdentifier>{935FDCD7-7F01-07AE-68BC-1A0254FD8DFE}</UniqueIdentifier>
    </Filter>
    <Filter Include="Vendor\stb_image">
      <UniqueIdentifier>{EDE315D3-D9DC-3425-020F-1AAAEE661431}</UniqueIdentifier>
    </Filter>
  </ItemGroup>
  <ItemGroup>
    <ClInclude Include="PCH\SkelPCH.h">
      <Filter>PCH</Filter>
    </ClInclude>
    <ClInclude Include="SkelGame\Client\ClientManager.h">
      <Filter>SkelGame\Client</Filter>
    </ClInclude>
    <ClInclude Include="SkelGame\Events\GameEventTypes.h">
      <Filter>SkelGame\Events</Filter>
    </ClInclude>
    <ClInclude Include="SkelGame\Events\GameEvents.h">
      <Filter>SkelGame\Events</Filter>
    </ClInclude>
    <ClInclude Include="SkelGame\Objects\Box\BoxMesh.h">
      <Filter>SkelGame\Objects\Box</Filter>
    </ClInclude>
    <ClInclude Include="SkelGame\Objects\Box\WoodenBox.h">
      <Filter>SkelGame\Objects\Box</Filter>
    </ClInclude>
    <ClInclude Include="SkelGame\Objects\Box\WoodenBoxModel.h">
      <Filter>SkelGame\Objects\Box</Filter>
    </ClInclude>
    <ClInclude Include="SkelGame\Objects\Player\PlayerInputState.h">
      <Filter>SkelGame\Objects\Player</Filter>
    </ClInclude>
    <ClInclude Include="SkelGame\Objects\Player\PlayerObject.h">
      <Filter>SkelGame\Objects\Player</Filter>
    </ClInclude>
    <ClInclude Include="SkelGame\Packets\PacketTypes.h">
      <Filter>SkelGame\Packets</Filter>
    </ClInclude>
    <ClInclude Include="SkelGame\Packets\PlayerInputPacket.h">
      <Filter>SkelGame\Packets</Filter>
    </ClInclude>
    <ClInclude Include="SkelGame\Resources\GameResources.h">
      <Filter>SkelGame\Resources</Filter>
    </ClInclude>
    <ClInclude Include="SkelGame\Server\ServerManager.h">
      <Filter>SkelGame\Server</Filter>
    </ClInclude>
    <ClInclude Include="Utility\Audio\AudioEngine.h">
      <Filter>Utility\Audio</Filter>
    </ClInclude>
    <ClInclude Include="Utility\Camera\Camera.h">
      <Filter>Utility\Camera</Filter>
    </ClInclude>
    <ClInclude Include="Utility\Containers\PackedIDMap.h">
      <Filter>Utility\Containers</Filter>
    </ClInclude>
    <ClInclude Include="Utility\EventSystem\Event.h">
      <Filter>Utility\EventSystem</Filter>
    </ClInclude>
    <ClInclude Include="Utility\EventSystem\EventType.h">
      <Filter>Utility\EventSystem</Filter>
    </ClInclude>
    <ClInclude Include="Utility\EventSystem\Events\ApplicationEvent.h">
      <Filter>Utility\EventSystem\Events</Filter>
    </ClInclude>
    <ClInclude Include="Utility\EventSystem\Events\KeyEvent.h">
      <Filter>Utility\EventSystem\Events</Filter>
    </ClInclude>
    <ClInclude Include="Utility\EventSystem\Events\MouseEvent.h">
      <Filter>Utility\EventSystem\Events</Filter>
    </ClInclude>
    <ClInclude Include="Utility\EventSystem\IObserver.h">
      <Filter>Utility\EventSystem</Filter>
    </ClInclude>
    <ClInclude Include="Utility\EventSystem\Subject.h">
      <Filter>Utility\EventSystem</Filter>
    </ClInclude>
    <ClInclude Include="Utility\Game\GameManager.h">
      <Filter>Utility\Game</Filter>
    </ClInclude>
    <ClInclude Include="Utility\Game\Screens\PauseScreen.h">
      <Filter>Utility\Game\Screens</Filter>
    </ClInclude>
    <ClInclude Include="Utility\Game\States\GameStates.h">
      <Filter>Utility\Game\States</Filter>
    </ClInclude>
    <ClInclude Include="Utility\GameObject\BoundingBox.h">
      <Filter>Utility\GameObject</Filter>
    </ClInclude>
    <ClInclude Include="Utility\GameObject\GameObject.h">
      <Filter>Utility\GameObject</Filter>
    </ClInclude>
    <ClInclude Include="Utility\Graphics\Model\ImportedMesh.h">
      <Filter>Utility\Graphics\Model</Filter>
    </ClInclude>
    <ClInclude Include="Utility\Graphics\Model\ImportedModel.h">
      <Filter>Utility\Graphics\Model</Filter>
    </ClInclude>
    <ClInclude Include="Utility\Graphics\Model\Mesh.h">
      <Filter>Utility\Graphics\Model</Filter>
    </ClInclude>
    <ClInclude Include="Utility\Graphics\Model\Model.h">
      <Filter>Utility\Graphics\Model</Filter>
    </ClInclude>
    <ClInclude Include="Utility\Graphics\Model\SingleMeshModel.h">
      <Filter>Utility\Graphics\Model</Filter>
    </ClInclude>
    <ClInclude Include="Utility\Graphics\Model\Skybox.h">
      <Filter>Utility\Graphics\Model</Filter>
    </ClInclude>
    <ClInclude Include="Utility\Graphics\OpenGL\Cubemap.h">
      <Filter>Utility\Graphics\OpenGL</Filter>
    </ClInclude>
    <ClInclude Include="Utility\Graphics\OpenGL\IndexBuffer.h">
      <Filter>Utility\Graphics\OpenGL</Filter>
    </ClInclude>
    <ClInclude Include="Utility\Graphics\OpenGL\Renderer.h">
      <Filter>Utility\Graphics\OpenGL</Filter>
    </ClInclude>
    <ClInclude Include="Utility\Graphics\OpenGL\Shader.h">
      <Filter>Utility\Graphics\OpenGL</Filter>
    </ClInclude>
    <ClInclude Include="Utility\Graphics\OpenGL\Texture.h">
      <Filter>Utility\Graphics\OpenGL</Filter>
    </ClInclude>
    <ClInclude Include="Utility\Graphics\OpenGL\VertexArray.h">
      <Filter>Utility\Graphics\OpenGL</Filter>
    </ClInclude>
    <ClInclude Include="Utility\Graphics\OpenGL\VertexBuffer.h">
      <Filter>Utility\Graphics\OpenGL</Filter>
    </ClInclude>
    <ClInclude Include="Utility\Graphics\OpenGL\VertexBufferLayout.h">
      <Filter>Utility\Graphics\OpenGL</Filter>
    </ClInclude>
    <ClInclude Include="Utility\Graphics\Sprite\Sprite.h">
      <Filter>Utility\Graphics\Sprite</Filter>
    </ClInclude>
    <ClInclude Include="Utility\Graphics\Text\Font.h">
      <Filter>Utility\Graphics\Text</Filter>
    </ClInclude>
    <ClInclude Include="Utility\Input\InputManager.h">
      <Filter>Utility\Input</Filter>
    </ClInclude>
    <ClInclude Include="Utility\Input\InputState.h">
      <Filter>Utility\Input</Filter>
    </ClInclude>
    <ClInclude Include="Utility\Input\Keys.h">
      <Filter>Utility\Input</Filter>
    </ClInclude>
    <ClInclude Include="Utility\Logger\Log.h">
      <Filter>Utility\Logger</Filter>
    </ClInclude>
    <ClInclude Include="Utility\Macros.h">
      <Filter>Utility</Filter>
    </ClInclude>
    <ClInclude Include="Utility\Net\Address.h">
      <Filter>Utility\Net</Filter>
    </ClInclude>
    <ClInclude Include="Utility\Net\Buffer.h">
      <Filter>Utility\Net</Filter>
    </ClInclude>
    <ClInclude Include="Utility\Net\Net.h">
      <Filter>Utility\Net</Filter>
    </ClInclude>
    <ClInclude Include="Utility\Net\Packet.h">
      <Filter>Utility\Net</Filter>
    </ClInclude>
    <ClInclude Include="Utility\Net\Socket.h">
      <Filter>Utility\Net</Filter>
    </ClInclude>
    <ClInclude Include="Utility\Profiler\ProfileBlock.h">
      <Filter>Utility\Profiler</Filter>
    </ClInclude>
    <ClInclude Include="Utility\Resources\ResourceManager.h">
      <Filter>Utility\Resources</Filter>
    </ClInclude>
    <ClInclude Include="Utility\StateMachine\State.h">
      <Filter>Utility\StateMachine</Filter>
    </ClInclude>
    <ClInclude Include="Utility\StateMachine\StateMachine.h">
      <Filter>Utility\StateMachine</Filter>
    </ClInclude>
    <ClInclude Include="Utility\Transform\Transform.h">
      <Filter>Utility\Transform</Filter>
    </ClInclude>
    <ClInclude Include="Utility\UI\Button.h">
      <Filter>Utility\UI</Filter>
    </ClInclude>
    <ClInclude Include="Utility\UI\UIElement.h">
      <Filter>Utility\UI</Filter>
    </ClInclude>
    <ClInclude Include="Utility\Window\Window.h">
      <Filter>Utility\Window</Filter>
    </ClInclude>
    <ClInclude Include="Vendor\stb_image\stb_image.h">
      <Filter>Vendor\stb_image</Filter>
    </ClInclude>
    <ClInclude Include="SkelGame\Packets\JoinPackets.h" />
    <ClInclude Include="SkelGame\Server\ClientHandler.h" />
    <ClInclude Include="SkelGame\Client\SnapshotReceiver.h" />
    <ClInclude Include="SkelGame\Packets\SnapshotPacket.h" />
    <ClInclude Include="Utility\Net\FakeLagPacketHolder.h" />
    <ClInclude Include="SkelGame\Packets\SyncPackets.h" />
    <ClInclude Include="SkelGame\Client\ClientSynchronizer.h" />
    <ClInclude Include="SkelGame\Client\FakeLagPacketHolderManager.h" />
  </ItemGroup>
  <ItemGroup>
    <ClCompile Include="PCH\SkelPCH.cpp">
      <Filter>PCH</Filter>
    </ClCompile>
    <ClCompile Include="SkelGame\Client\ClientManager.cpp">
      <Filter>SkelGame\Client</Filter>
    </ClCompile>
    <ClCompile Include="SkelGame\Main.cpp">
      <Filter>SkelGame</Filter>
    </ClCompile>
    <ClCompile Include="SkelGame\Objects\Box\BoxMesh.cpp">
      <Filter>SkelGame\Objects\Box</Filter>
    </ClCompile>
    <ClCompile Include="SkelGame\Objects\Box\WoodenBoxModel.cpp">
      <Filter>SkelGame\Objects\Box</Filter>
    </ClCompile>
    <ClCompile Include="SkelGame\Objects\Player\PlayerObject.cpp">
      <Filter>SkelGame\Objects\Player</Filter>
    </ClCompile>
    <ClCompile Include="SkelGame\Server\ServerManager.cpp">
      <Filter>SkelGame\Server</Filter>
    </ClCompile>
    <ClCompile Include="Utility\Audio\AudioEngine.cpp">
      <Filter>Utility\Audio</Filter>
    </ClCompile>
    <ClCompile Include="Utility\Camera\Camera.cpp">
      <Filter>Utility\Camera</Filter>
    </ClCompile>
    <ClCompile Include="Utility\EventSystem\Subject.cpp">
      <Filter>Utility\EventSystem</Filter>
    </ClCompile>
    <ClCompile Include="Utility\Game\GameManager.cpp">
      <Filter>Utility\Game</Filter>
    </ClCompile>
    <ClCompile Include="Utility\Game\Screens\PauseScreen.cpp">
      <Filter>Utility\Game\Screens</Filter>
    </ClCompile>
    <ClCompile Include="Utility\Game\States\MainMenu.cpp">
      <Filter>Utility\Game\States</Filter>
    </ClCompile>
    <ClCompile Include="Utility\Game\States\TestState.cpp">
      <Filter>Utility\Game\States</Filter>
    </ClCompile>
    <ClCompile Include="Utility\GameObject\BoundingBox.cpp">
      <Filter>Utility\GameObject</Filter>
    </ClCompile>
    <ClCompile Include="Utility\GameObject\GameObject.cpp">
      <Filter>Utility\GameObject</Filter>
    </ClCompile>
    <ClCompile Include="Utility\Graphics\Model\ImportedMesh.cpp">
      <Filter>Utility\Graphics\Model</Filter>
    </ClCompile>
    <ClCompile Include="Utility\Graphics\Model\ImportedModel.cpp">
      <Filter>Utility\Graphics\Model</Filter>
    </ClCompile>
    <ClCompile Include="Utility\Graphics\Model\Mesh.cpp">
      <Filter>Utility\Graphics\Model</Filter>
    </ClCompile>
    <ClCompile Include="Utility\Graphics\Model\Skybox.cpp">
      <Filter>Utility\Graphics\Model</Filter>
    </ClCompile>
    <ClCompile Include="Utility\Graphics\OpenGL\Cubemap.cpp">
      <Filter>Utility\Graphics\OpenGL</Filter>
    </ClCompile>
    <ClCompile Include="Utility\Graphics\OpenGL\IndexBuffer.cpp">
      <Filter>Utility\Graphics\OpenGL</Filter>
    </ClCompile>
    <ClCompile Include="Utility\Graphics\OpenGL\Renderer.cpp">
      <Filter>Utility\Graphics\OpenGL</Filter>
    </ClCompile>
    <ClCompile Include="Utility\Graphics\OpenGL\Shader.cpp">
      <Filter>Utility\Graphics\OpenGL</Filter>
    </ClCompile>
    <ClCompile Include="Utility\Graphics\OpenGL\Texture.cpp">
      <Filter>Utility\Graphics\OpenGL</Filter>
    </ClCompile>
    <ClCompile Include="Utility\Graphics\OpenGL\VertexArray.cpp">
      <Filter>Utility\Graphics\OpenGL</Filter>
    </ClCompile>
    <ClCompile Include="Utility\Graphics\OpenGL\VertexBuffer.cpp">
      <Filter>Utility\Graphics\OpenGL</Filter>
    </ClCompile>
    <ClCompile Include="Utility\Graphics\Sprite\Sprite.cpp">
      <Filter>Utility\Graphics\Sprite</Filter>
    </ClCompile>
    <ClCompile Include="Utility\Graphics\Text\Font.cpp">
      <Filter>Utility\Graphics\Text</Filter>
    </ClCompile>
    <ClCompile Include="Utility\Input\InputManager.cpp">
      <Filter>Utility\Input</Filter>
    </ClCompile>
    <ClCompile Include="Utility\Logger\Log.cpp">
      <Filter>Utility\Logger</Filter>
    </ClCompile>
    <ClCompile Include="Utility\Net\Address.cpp">
      <Filter>Utility\Net</Filter>
    </ClCompile>
    <ClCompile Include="Utility\Net\Net.cpp">
      <Filter>Utility\Net</Filter>
    </ClCompile>
    <ClCompile Include="Utility\Net\Packet.cpp">
      <Filter>Utility\Net</Filter>
    </ClCompile>
    <ClCompile Include="Utility\Net\Socket.cpp">
      <Filter>Utility\Net</Filter>
    </ClCompile>
    <ClCompile Include="Utility\Resources\ResourceManager.cpp">
      <Filter>Utility\Resources</Filter>
    </ClCompile>
    <ClCompile Include="Utility\Transform\TransformHelpers.cpp">
      <Filter>Utility\Transform</Filter>
    </ClCompile>
    <ClCompile Include="Utility\UI\Button.cpp">
      <Filter>Utility\UI</Filter>
    </ClCompile>
    <ClCompile Include="Utility\UI\UIElement.cpp">
      <Filter>Utility\UI</Filter>
    </ClCompile>
    <ClCompile Include="Utility\Window\Window.cpp">
      <Filter>Utility\Window</Filter>
    </ClCompile>
    <ClCompile Include="Vendor\stb_image\stb_image.cpp">
      <Filter>Vendor\stb_image</Filter>
    </ClCompile>
    <ClCompile Include="Vendor\ImGui\ImGuiBuild.cpp" />
    <ClCompile Include="SkelGame\Server\ClientHandler.cpp" />
    <ClCompile Include="SkelGame\Client\SnapshotReceiver.cpp" />
    <ClCompile Include="SkelGame\Packets\SnapshotPacket.cpp" />
    <ClCompile Include="SkelGame\Client\ClientSynchronizer.cpp" />
  </ItemGroup>
</Project>